<?xml version="1.0" encoding="utf-8"?>
<Project ToolsVersion="4.0" xmlns="http://schemas.microsoft.com/developer/msbuild/2003">
  <ItemGroup>
    <Filter Include="Source Files">
      <UniqueIdentifier>{4FC737F1-C7A5-4376-A066-2A32D752A2FF}</UniqueIdentifier>
      <Extensions>cpp;c;cc;cxx;c++;cppm;ixx;def;odl;idl;hpj;bat;asm;asmx</Extensions>
    </Filter>
    <Filter Include="Header Files">
      <UniqueIdentifier>{93995380-89BD-4b04-88EB-625FBE52EBFB}</UniqueIdentifier>
      <Extensions>h;hh;hpp;hxx;h++;hm;inl;inc;ipp;xsd</Extensions>
    </Filter>
    <Filter Include="Resource Files">
      <UniqueIdentifier>{67DA6AB6-F800-4c08-8B7A-83BB121AAD01}</UniqueIdentifier>
      <Extensions>rc;ico;cur;bmp;dlg;rc2;rct;bin;rgs;gif;jpg;jpeg;jpe;resx;tiff;tif;png;wav;mfcribbon-ms</Extensions>
    </Filter>
    <Filter Include="Header Files\Encryptions">
      <UniqueIdentifier>{8cd71adb-2b94-4298-ba20-3d76ed931cb8}</UniqueIdentifier>
    </Filter>
    <Filter Include="Source Files\EncryptionCPP">
      <UniqueIdentifier>{f34e2b79-c4c4-45f8-b87a-e9c4e8dbd35f}</UniqueIdentifier>
    </Filter>
    <Filter Include="Header Files\Networking">
      <UniqueIdentifier>{88e93381-2c73-4828-aa51-21c4bbd682e7}</UniqueIdentifier>
    </Filter>
    <Filter Include="Source Files\Networking">
      <UniqueIdentifier>{412f9c91-a22b-4e23-bfee-07530ee43f41}</UniqueIdentifier>
    </Filter>
    <Filter Include="Source Files\Wallet">
      <UniqueIdentifier>{cb6cb116-0b1d-493f-897c-9e2a95df995d}</UniqueIdentifier>
    </Filter>
    <Filter Include="Header Files\Wallet">
      <UniqueIdentifier>{f67c0d0a-3e93-4e02-92ce-9c913ccd7e2c}</UniqueIdentifier>
    </Filter>
    <Filter Include="Header Files\Blockchain structure">
      <UniqueIdentifier>{cdb1192f-b48a-4b30-87e3-d6c018f5349f}</UniqueIdentifier>
    </Filter>
    <Filter Include="Source Files\Blockchain structure">
      <UniqueIdentifier>{3e16c3c5-de58-4768-bc5a-1ad4ab84ccef}</UniqueIdentifier>
    </Filter>
  </ItemGroup>
  <ItemGroup>
    <ClInclude Include="Encryptions\AES256CBC.h">
      <Filter>Header Files\Encryptions</Filter>
    </ClInclude>
    <ClInclude Include="Encryptions\Base58.h">
      <Filter>Header Files\Encryptions</Filter>
    </ClInclude>
    <ClInclude Include="Encryptions\BIP39SeedMaker.h">
      <Filter>Header Files\Encryptions</Filter>
    </ClInclude>
    <ClInclude Include="Encryptions\ECDSASigner.h">
      <Filter>Header Files\Encryptions</Filter>
    </ClInclude>
    <ClInclude Include="Encryptions\KeyGenerator.h">
      <Filter>Header Files\Encryptions</Filter>
    </ClInclude>
    <ClInclude Include="Encryptions\SHA256.h">
      <Filter>Header Files\Encryptions</Filter>
    </ClInclude>
    <ClInclude Include="Encryptions\Test.h">
      <Filter>Header Files\Encryptions</Filter>
    </ClInclude>
    <ClInclude Include="Networking\ClientSocket.h">
      <Filter>Header Files\Networking</Filter>
    </ClInclude>
    <ClInclude Include="Networking\Socket.h">
      <Filter>Header Files\Networking</Filter>
    </ClInclude>
    <ClInclude Include="Networking\WSAInitializer.h">
      <Filter>Header Files\Networking</Filter>
    </ClInclude>
    <ClInclude Include="Wallet.h">
      <Filter>Header Files\Wallet</Filter>
    </ClInclude>
    <ClInclude Include="Server.h">
      <Filter>Header Files</Filter>
    </ClInclude>
    <ClInclude Include="json.hpp">
      <Filter>Header Files</Filter>
    </ClInclude>
    <ClInclude Include="Blockchain.h">
      <Filter>Header Files\Blockchain structure</Filter>
    </ClInclude>
    <ClInclude Include="Block.h">
      <Filter>Header Files\Blockchain structure</Filter>
    </ClInclude>
    <ClInclude Include="HelperT.h">
      <Filter>Header Files\Blockchain structure</Filter>
    </ClInclude>
    <ClInclude Include="Point.h">
      <Filter>Header Files\Blockchain structure</Filter>
    </ClInclude>
    <ClInclude Include="Transaction.h">
      <Filter>Header Files\Blockchain structure</Filter>
    </ClInclude>
  </ItemGroup>
  <ItemGroup>
    <ClCompile Include="main.cpp">
      <Filter>Source Files</Filter>
    </ClCompile>
    <ClCompile Include="Encryptions\AES256CBC.cpp">
      <Filter>Source Files\EncryptionCPP</Filter>
    </ClCompile>
    <ClCompile Include="Encryptions\Base58.cpp">
      <Filter>Source Files\EncryptionCPP</Filter>
    </ClCompile>
    <ClCompile Include="Encryptions\BIP39SeedMaker.cpp">
      <Filter>Source Files\EncryptionCPP</Filter>
    </ClCompile>
    <ClCompile Include="Encryptions\ECDSASigner.cpp">
      <Filter>Source Files\EncryptionCPP</Filter>
    </ClCompile>
    <ClCompile Include="Encryptions\KeyGenerator.cpp">
      <Filter>Source Files\EncryptionCPP</Filter>
    </ClCompile>
    <ClCompile Include="Encryptions\SHA256.cpp">
      <Filter>Source Files\EncryptionCPP</Filter>
    </ClCompile>
    <ClCompile Include="Encryptions\Test.cpp">
      <Filter>Source Files\EncryptionCPP</Filter>
    </ClCompile>
    <ClCompile Include="Networking\ClientSocket.cpp">
      <Filter>Source Files\Networking</Filter>
    </ClCompile>
    <ClCompile Include="Networking\Socket.cpp">
      <Filter>Source Files\Networking</Filter>
    </ClCompile>
    <ClCompile Include="Networking\WSAInitializer.cpp">
      <Filter>Source Files\Networking</Filter>
    </ClCompile>
    <ClCompile Include="Wallet.cpp">
      <Filter>Source Files\Wallet</Filter>
    </ClCompile>
    <ClCompile Include="Server.cpp">
      <Filter>Source Files</Filter>
    </ClCompile>
    <ClCompile Include="HelperT.cpp">
      <Filter>Source Files\Blockchain structure</Filter>
    </ClCompile>
    <ClCompile Include="BlockChainPOC.cpp">
      <Filter>Source Files\Blockchain structure</Filter>
    </ClCompile>
    <ClCompile Include="Blockchain.cpp">
      <Filter>Source Files\Blockchain structure</Filter>
    </ClCompile>
    <ClCompile Include="Block.cpp">
      <Filter>Source Files\Blockchain structure</Filter>
    </ClCompile>
    <ClCompile Include="Transaction.cpp">
      <Filter>Source Files\Blockchain structure</Filter>
    </ClCompile>
    <ClCompile Include="Point.cpp">
      <Filter>Source Files\Blockchain structure</Filter>
    </ClCompile>
  </ItemGroup>
</Project>